
Microsoft Visual Studio Solution File, Format Version 12.00
# Visual Studio Version 17
VisualStudioVersion = 17.7.34024.191
MinimumVisualStudioVersion = 10.0.40219.1
Project("{FAE04EC0-301F-11D3-BF4B-00C04F79EFBC}") = "JobApplicationCounter", "JobApplicationCounter\JobApplicationCounter.csproj", "{074E3034-0D2A-4443-ABB9-7C3FACE59391}"
EndProject
Global
	GlobalSection(SolutionConfigurationPlatforms) = preSolution
		Debug|Any CPU = Debug|Any CPU
		Release|Any CPU = Release|Any CPU
	EndGlobalSection
	GlobalSection(ProjectConfigurationPlatforms) = postSolution
		{074E3034-0D2A-4443-ABB9-7C3FACE59391}.Debug|Any CPU.ActiveCfg = Debug|Any CPU
		{074E3034-0D2A-4443-ABB9-7C3FACE59391}.Debug|Any CPU.Build.0 = Debug|Any CPU
		{074E3034-0D2A-4443-ABB9-7C3FACE59391}.Release|Any CPU.ActiveCfg = Release|Any CPU
		{074E3034-0D2A-4443-ABB9-7C3FACE59391}.Release|Any CPU.Build.0 = Release|Any CPU
	EndGlobalSection
	GlobalSection(SolutionProperties) = preSolution
		HideSolutionNode = FALSE
	EndGlobalSection
	GlobalSection(ExtensibilityGlobals) = postSolution
		SolutionGuid = {F4E8BC8F-3AEA-4EB2-9329-AA21955BA21E}
	EndGlobalSection
EndGlobal
